{
  "name": "TradingScripts",
  "lockfileVersion": 3,
  "requires": true,
  "packages": {
    "node_modules/papaparse": {
      "version": "5.5.3",
      "resolved": "https://registry.npmjs.org/papaparse/-/papaparse-5.5.3.tgz",
      "integrity": "sha512-5QvjGxYVjxO59MGU2lHVYpRWBBtKHnlIAcSe1uNFCkkptUh63NFRj0FJQm7nR67puEruUci/ZkjmEFrjCAyP4A==",
      "license": "MIT"
    },
    "node_modules/yfinance": {
      "version": "0.0.6",
      "resolved": "https://registry.npmjs.org/yfinance/-/yfinance-0.0.6.tgz",
      "integrity": "sha512-EcJrrcX+ZCpbhouGO6s5y7XRUHGBwFY19PKtUJ17vg1L0dSK2N59Ns0A/ZfLtpWC8WatWjen6gE+KW51bxthsA==",
      "license": "MIT"
    }
  }
}
